
Microsoft Visual Studio Solution File, Format Version 12.00
# Visual Studio Version 16
VisualStudioVersion = 16.0.29519.87
MinimumVisualStudioVersion = 10.0.40219.1
Project("{FAE04EC0-301F-11D3-BF4B-00C04F79EFBC}") = "GitAndGitHub", "GitAndGitHub\GitAndGitHub.csproj", "{8FD20F4A-2DC7-4CE5-BF5E-40DD35FC84A0}"
EndProject
Global
	GlobalSection(SolutionConfigurationPlatforms) = preSolution
		Debug|Any CPU = Debug|Any CPU
		Release|Any CPU = Release|Any CPU
	EndGlobalSection
	GlobalSection(ProjectConfigurationPlatforms) = postSolution
		{8FD20F4A-2DC7-4CE5-BF5E-40DD35FC84A0}.Debug|Any CPU.ActiveCfg = Debug|Any CPU
		{8FD20F4A-2DC7-4CE5-BF5E-40DD35FC84A0}.Debug|Any CPU.Build.0 = Debug|Any CPU
		{8FD20F4A-2DC7-4CE5-BF5E-40DD35FC84A0}.Release|Any CPU.ActiveCfg = Release|Any CPU
		{8FD20F4A-2DC7-4CE5-BF5E-40DD35FC84A0}.Release|Any CPU.Build.0 = Release|Any CPU
	EndGlobalSection
	GlobalSection(SolutionProperties) = preSolution
		HideSolutionNode = FALSE
	EndGlobalSection
	GlobalSection(ExtensibilityGlobals) = postSolution
		SolutionGuid = {A53D6FA5-9F86-4249-B0C9-A1B65EA9FF59}
	EndGlobalSection
EndGlobal
